// !$*UTF8*$!
{
	archiveVersion = 1;
	classes = {
	};
	objectVersion = 46;
	objects = {

/* Begin PBXBuildFile section */
		45B81D2A6C918269F958F996 /* Pods_Flower_Example.framework in Frameworks */ = {isa = PBXBuildFile; fileRef = E841610318E3534FA5748B07 /* Pods_Flower_Example.framework */; };
		6003F58E195388D20070C39A /* Foundation.framework in Frameworks */ = {isa = PBXBuildFile; fileRef = 6003F58D195388D20070C39A /* Foundation.framework */; };
		6003F590195388D20070C39A /* CoreGraphics.framework in Frameworks */ = {isa = PBXBuildFile; fileRef = 6003F58F195388D20070C39A /* CoreGraphics.framework */; };
		6003F592195388D20070C39A /* UIKit.framework in Frameworks */ = {isa = PBXBuildFile; fileRef = 6003F591195388D20070C39A /* UIKit.framework */; };
		6003F598195388D20070C39A /* InfoPlist.strings in Resources */ = {isa = PBXBuildFile; fileRef = 6003F596195388D20070C39A /* InfoPlist.strings */; };
		6003F59A195388D20070C39A /* main.m in Sources */ = {isa = PBXBuildFile; fileRef = 6003F599195388D20070C39A /* main.m */; };
		6003F59E195388D20070C39A /* FlowerAppDelegate.m in Sources */ = {isa = PBXBuildFile; fileRef = 6003F59D195388D20070C39A /* FlowerAppDelegate.m */; };
		6003F5A7195388D20070C39A /* FlowerViewController.m in Sources */ = {isa = PBXBuildFile; fileRef = 6003F5A6195388D20070C39A /* FlowerViewController.m */; };
		6003F5A9195388D20070C39A /* Images.xcassets in Resources */ = {isa = PBXBuildFile; fileRef = 6003F5A8195388D20070C39A /* Images.xcassets */; };
		6003F5B0195388D20070C39A /* XCTest.framework in Frameworks */ = {isa = PBXBuildFile; fileRef = 6003F5AF195388D20070C39A /* XCTest.framework */; };
		6003F5B1195388D20070C39A /* Foundation.framework in Frameworks */ = {isa = PBXBuildFile; fileRef = 6003F58D195388D20070C39A /* Foundation.framework */; };
		6003F5B2195388D20070C39A /* UIKit.framework in Frameworks */ = {isa = PBXBuildFile; fileRef = 6003F591195388D20070C39A /* UIKit.framework */; };
		6003F5BA195388D20070C39A /* InfoPlist.strings in Resources */ = {isa = PBXBuildFile; fileRef = 6003F5B8195388D20070C39A /* InfoPlist.strings */; };
		6003F5BC195388D20070C39A /* Tests.m in Sources */ = {isa = PBXBuildFile; fileRef = 6003F5BB195388D20070C39A /* Tests.m */; };
		873B8AEB1B1F5CCA007FD442 /* Main.storyboard in Resources */ = {isa = PBXBuildFile; fileRef = 873B8AEA1B1F5CCA007FD442 /* Main.storyboard */; };
		9145CFC7B932E8B1B8525E74 /* Pods_Flower_Tests.framework in Frameworks */ = {isa = PBXBuildFile; fileRef = D62838318BA4B83E33EF68C5 /* Pods_Flower_Tests.framework */; };
		CE46A7291C2EBB330039E5F8 /* CitySeed.m in Sources */ = {isa = PBXBuildFile; fileRef = CE46A7281C2EBB330039E5F8 /* CitySeed.m */; };
		CE46A73A1C2FA7F60039E5F8 /* PopulationSeed.m in Sources */ = {isa = PBXBuildFile; fileRef = CE46A7391C2FA7F60039E5F8 /* PopulationSeed.m */; };
		CE46A73D1C2FA8C60039E5F8 /* BasePopulationProcess.m in Sources */ = {isa = PBXBuildFile; fileRef = CE46A73C1C2FA8C60039E5F8 /* BasePopulationProcess.m */; };
		CE46A7401C2FA9330039E5F8 /* PopulationProcess.m in Sources */ = {isa = PBXBuildFile; fileRef = CE46A73F1C2FA9330039E5F8 /* PopulationProcess.m */; };
		CE46A7431C2FA9F00039E5F8 /* BasePopulationTask.m in Sources */ = {isa = PBXBuildFile; fileRef = CE46A7421C2FA9F00039E5F8 /* BasePopulationTask.m */; };
		CE46A7461C2FAAA10039E5F8 /* CityPopulationTask.m in Sources */ = {isa = PBXBuildFile; fileRef = CE46A7451C2FAAA10039E5F8 /* CityPopulationTask.m */; };
		CE46A7491C2FAB150039E5F8 /* OrderPopulationByAreaSize.m in Sources */ = {isa = PBXBuildFile; fileRef = CE46A7481C2FAB150039E5F8 /* OrderPopulationByAreaSize.m */; };
		CE47B45A1C1D377D00E2C738 /* TestProcessOne.m in Sources */ = {isa = PBXBuildFile; fileRef = CE47B4591C1D377D00E2C738 /* TestProcessOne.m */; };
		CE47B45B1C1D377D00E2C738 /* TestProcessOne.m in Sources */ = {isa = PBXBuildFile; fileRef = CE47B4591C1D377D00E2C738 /* TestProcessOne.m */; };
		CE47B45F1C1D37AB00E2C738 /* TestTaskOne.m in Sources */ = {isa = PBXBuildFile; fileRef = CE47B45E1C1D37AB00E2C738 /* TestTaskOne.m */; };
		CE47B4601C1D37AB00E2C738 /* TestTaskOne.m in Sources */ = {isa = PBXBuildFile; fileRef = CE47B45E1C1D37AB00E2C738 /* TestTaskOne.m */; };
		CE47B4641C1D37BF00E2C738 /* TestTaskTwo.m in Sources */ = {isa = PBXBuildFile; fileRef = CE47B4631C1D37BF00E2C738 /* TestTaskTwo.m */; };
		CE47B4651C1D37BF00E2C738 /* TestTaskTwo.m in Sources */ = {isa = PBXBuildFile; fileRef = CE47B4631C1D37BF00E2C738 /* TestTaskTwo.m */; };
		CE47B4691C1D381400E2C738 /* TestSeedOne.m in Sources */ = {isa = PBXBuildFile; fileRef = CE47B4681C1D381400E2C738 /* TestSeedOne.m */; };
		CE47B46A1C1D381400E2C738 /* TestSeedOne.m in Sources */ = {isa = PBXBuildFile; fileRef = CE47B4681C1D381400E2C738 /* TestSeedOne.m */; };
		CE47B46E1C1D39CD00E2C738 /* TestDataSeed.m in Sources */ = {isa = PBXBuildFile; fileRef = CE47B46D1C1D39CD00E2C738 /* TestDataSeed.m */; };
		CE47B46F1C1D39CD00E2C738 /* TestDataSeed.m in Sources */ = {isa = PBXBuildFile; fileRef = CE47B46D1C1D39CD00E2C738 /* TestDataSeed.m */; };
		CEC3E5C41C31E3110087E355 /* FlowerProcessListener.m in Sources */ = {isa = PBXBuildFile; fileRef = CEC3E5C31C31E3110087E355 /* FlowerProcessListener.m */; };
/* End PBXBuildFile section */

/* Begin PBXContainerItemProxy section */
		6003F5B3195388D20070C39A /* PBXContainerItemProxy */ = {
			isa = PBXContainerItemProxy;
			containerPortal = 6003F582195388D10070C39A /* Project object */;
			proxyType = 1;
			remoteGlobalIDString = 6003F589195388D20070C39A;
			remoteInfo = Flower;
		};
/* End PBXContainerItemProxy section */

/* Begin PBXFileReference section */
		1515AB0EAB851F272D44DB87 /* Pods-Flower_Example.debug.xcconfig */ = {isa = PBXFileReference; includeInIndex = 1; lastKnownFileType = text.xcconfig; name = "Pods-Flower_Example.debug.xcconfig"; path = "Pods/Target Support Files/Pods-Flower_Example/Pods-Flower_Example.debug.xcconfig"; sourceTree = "<group>"; };
		4AEDB09466DDFFFF581C8E65 /* Pods-Flower_Example.release.xcconfig */ = {isa = PBXFileReference; includeInIndex = 1; lastKnownFileType = text.xcconfig; name = "Pods-Flower_Example.release.xcconfig"; path = "Pods/Target Support Files/Pods-Flower_Example/Pods-Flower_Example.release.xcconfig"; sourceTree = "<group>"; };
		6003F58A195388D20070C39A /* Flower_Example.app */ = {isa = PBXFileReference; explicitFileType = wrapper.application; includeInIndex = 0; path = Flower_Example.app; sourceTree = BUILT_PRODUCTS_DIR; };
		6003F58D195388D20070C39A /* Foundation.framework */ = {isa = PBXFileReference; lastKnownFileType = wrapper.framework; name = Foundation.framework; path = System/Library/Frameworks/Foundation.framework; sourceTree = SDKROOT; };
		6003F58F195388D20070C39A /* CoreGraphics.framework */ = {isa = PBXFileReference; lastKnownFileType = wrapper.framework; name = CoreGraphics.framework; path = System/Library/Frameworks/CoreGraphics.framework; sourceTree = SDKROOT; };
		6003F591195388D20070C39A /* UIKit.framework */ = {isa = PBXFileReference; lastKnownFileType = wrapper.framework; name = UIKit.framework; path = System/Library/Frameworks/UIKit.framework; sourceTree = SDKROOT; };
		6003F595195388D20070C39A /* Flower-Info.plist */ = {isa = PBXFileReference; lastKnownFileType = text.plist.xml; path = "Flower-Info.plist"; sourceTree = "<group>"; };
		6003F597195388D20070C39A /* en */ = {isa = PBXFileReference; lastKnownFileType = text.plist.strings; name = en; path = en.lproj/InfoPlist.strings; sourceTree = "<group>"; };
		6003F599195388D20070C39A /* main.m */ = {isa = PBXFileReference; lastKnownFileType = sourcecode.c.objc; path = main.m; sourceTree = "<group>"; };
		6003F59B195388D20070C39A /* Flower-Prefix.pch */ = {isa = PBXFileReference; lastKnownFileType = sourcecode.c.h; path = "Flower-Prefix.pch"; sourceTree = "<group>"; };
		6003F59C195388D20070C39A /* FlowerAppDelegate.h */ = {isa = PBXFileReference; lastKnownFileType = sourcecode.c.h; path = FlowerAppDelegate.h; sourceTree = "<group>"; };
		6003F59D195388D20070C39A /* FlowerAppDelegate.m */ = {isa = PBXFileReference; lastKnownFileType = sourcecode.c.objc; path = FlowerAppDelegate.m; sourceTree = "<group>"; };
		6003F5A5195388D20070C39A /* FlowerViewController.h */ = {isa = PBXFileReference; lastKnownFileType = sourcecode.c.h; path = FlowerViewController.h; sourceTree = "<group>"; };
		6003F5A6195388D20070C39A /* FlowerViewController.m */ = {isa = PBXFileReference; lastKnownFileType = sourcecode.c.objc; path = FlowerViewController.m; sourceTree = "<group>"; };
		6003F5A8195388D20070C39A /* Images.xcassets */ = {isa = PBXFileReference; lastKnownFileType = folder.assetcatalog; path = Images.xcassets; sourceTree = "<group>"; };
		6003F5AE195388D20070C39A /* Flower_Tests.xctest */ = {isa = PBXFileReference; explicitFileType = wrapper.cfbundle; includeInIndex = 0; path = Flower_Tests.xctest; sourceTree = BUILT_PRODUCTS_DIR; };
		6003F5AF195388D20070C39A /* XCTest.framework */ = {isa = PBXFileReference; lastKnownFileType = wrapper.framework; name = XCTest.framework; path = Library/Frameworks/XCTest.framework; sourceTree = DEVELOPER_DIR; };
		6003F5B7195388D20070C39A /* Tests-Info.plist */ = {isa = PBXFileReference; lastKnownFileType = text.plist.xml; path = "Tests-Info.plist"; sourceTree = "<group>"; };
		6003F5B9195388D20070C39A /* en */ = {isa = PBXFileReference; lastKnownFileType = text.plist.strings; name = en; path = en.lproj/InfoPlist.strings; sourceTree = "<group>"; };
		6003F5BB195388D20070C39A /* Tests.m */ = {isa = PBXFileReference; lastKnownFileType = sourcecode.c.objc; path = Tests.m; sourceTree = "<group>"; };
		606FC2411953D9B200FFA9A0 /* Tests-Prefix.pch */ = {isa = PBXFileReference; lastKnownFileType = sourcecode.c.h; path = "Tests-Prefix.pch"; sourceTree = "<group>"; };
		6EFB8C3BC378AF3B49078FCC /* LICENSE */ = {isa = PBXFileReference; includeInIndex = 1; lastKnownFileType = text; name = LICENSE; path = ../LICENSE; sourceTree = "<group>"; };
		767906BDAD601254ED9275CC /* Pods-Flower_Tests.debug.xcconfig */ = {isa = PBXFileReference; includeInIndex = 1; lastKnownFileType = text.xcconfig; name = "Pods-Flower_Tests.debug.xcconfig"; path = "Pods/Target Support Files/Pods-Flower_Tests/Pods-Flower_Tests.debug.xcconfig"; sourceTree = "<group>"; };
		873B8AEA1B1F5CCA007FD442 /* Main.storyboard */ = {isa = PBXFileReference; fileEncoding = 4; lastKnownFileType = file.storyboard; path = Main.storyboard; sourceTree = "<group>"; };
		8E9A6A39BD89F8388D7AD2C4 /* README.md */ = {isa = PBXFileReference; includeInIndex = 1; lastKnownFileType = net.daringfireball.markdown; name = README.md; path = ../README.md; sourceTree = "<group>"; };
		CCE2569C854BCE7EB5AB6A78 /* Flower.podspec */ = {isa = PBXFileReference; includeInIndex = 1; lastKnownFileType = text; name = Flower.podspec; path = ../Flower.podspec; sourceTree = "<group>"; };
		CE46A7271C2EBB330039E5F8 /* CitySeed.h */ = {isa = PBXFileReference; fileEncoding = 4; lastKnownFileType = sourcecode.c.h; path = CitySeed.h; sourceTree = "<group>"; };
		CE46A7281C2EBB330039E5F8 /* CitySeed.m */ = {isa = PBXFileReference; fileEncoding = 4; lastKnownFileType = sourcecode.c.objc; path = CitySeed.m; sourceTree = "<group>"; };
		CE46A7371C2F9F450039E5F8 /* ICapitalService.h */ = {isa = PBXFileReference; lastKnownFileType = sourcecode.c.h; path = ICapitalService.h; sourceTree = "<group>"; };
		CE46A7381C2FA7F60039E5F8 /* PopulationSeed.h */ = {isa = PBXFileReference; fileEncoding = 4; lastKnownFileType = sourcecode.c.h; path = PopulationSeed.h; sourceTree = "<group>"; };
		CE46A7391C2FA7F60039E5F8 /* PopulationSeed.m */ = {isa = PBXFileReference; fileEncoding = 4; lastKnownFileType = sourcecode.c.objc; path = PopulationSeed.m; sourceTree = "<group>"; };
		CE46A73B1C2FA8C60039E5F8 /* BasePopulationProcess.h */ = {isa = PBXFileReference; fileEncoding = 4; lastKnownFileType = sourcecode.c.h; path = BasePopulationProcess.h; sourceTree = "<group>"; };
		CE46A73C1C2FA8C60039E5F8 /* BasePopulationProcess.m */ = {isa = PBXFileReference; fileEncoding = 4; lastKnownFileType = sourcecode.c.objc; path = BasePopulationProcess.m; sourceTree = "<group>"; };
		CE46A73E1C2FA9330039E5F8 /* PopulationProcess.h */ = {isa = PBXFileReference; fileEncoding = 4; lastKnownFileType = sourcecode.c.h; path = PopulationProcess.h; sourceTree = "<group>"; };
		CE46A73F1C2FA9330039E5F8 /* PopulationProcess.m */ = {isa = PBXFileReference; fileEncoding = 4; lastKnownFileType = sourcecode.c.objc; path = PopulationProcess.m; sourceTree = "<group>"; };
		CE46A7411C2FA9F00039E5F8 /* BasePopulationTask.h */ = {isa = PBXFileReference; fileEncoding = 4; lastKnownFileType = sourcecode.c.h; path = BasePopulationTask.h; sourceTree = "<group>"; };
		CE46A7421C2FA9F00039E5F8 /* BasePopulationTask.m */ = {isa = PBXFileReference; fileEncoding = 4; lastKnownFileType = sourcecode.c.objc; path = BasePopulationTask.m; sourceTree = "<group>"; };
		CE46A7441C2FAAA10039E5F8 /* CityPopulationTask.h */ = {isa = PBXFileReference; fileEncoding = 4; lastKnownFileType = sourcecode.c.h; path = CityPopulationTask.h; sourceTree = "<group>"; };
		CE46A7451C2FAAA10039E5F8 /* CityPopulationTask.m */ = {isa = PBXFileReference; fileEncoding = 4; lastKnownFileType = sourcecode.c.objc; path = CityPopulationTask.m; sourceTree = "<group>"; };
		CE46A7471C2FAB150039E5F8 /* OrderPopulationByAreaSize.h */ = {isa = PBXFileReference; fileEncoding = 4; lastKnownFileType = sourcecode.c.h; path = OrderPopulationByAreaSize.h; sourceTree = "<group>"; };
		CE46A7481C2FAB150039E5F8 /* OrderPopulationByAreaSize.m */ = {isa = PBXFileReference; fileEncoding = 4; lastKnownFileType = sourcecode.c.objc; path = OrderPopulationByAreaSize.m; sourceTree = "<group>"; };
		CE47B4581C1D377D00E2C738 /* TestProcessOne.h */ = {isa = PBXFileReference; fileEncoding = 4; lastKnownFileType = sourcecode.c.h; path = TestProcessOne.h; sourceTree = "<group>"; };
		CE47B4591C1D377D00E2C738 /* TestProcessOne.m */ = {isa = PBXFileReference; fileEncoding = 4; lastKnownFileType = sourcecode.c.objc; path = TestProcessOne.m; sourceTree = "<group>"; };
		CE47B45D1C1D37AB00E2C738 /* TestTaskOne.h */ = {isa = PBXFileReference; fileEncoding = 4; lastKnownFileType = sourcecode.c.h; path = TestTaskOne.h; sourceTree = "<group>"; };
		CE47B45E1C1D37AB00E2C738 /* TestTaskOne.m */ = {isa = PBXFileReference; fileEncoding = 4; lastKnownFileType = sourcecode.c.objc; path = TestTaskOne.m; sourceTree = "<group>"; };
		CE47B4621C1D37BF00E2C738 /* TestTaskTwo.h */ = {isa = PBXFileReference; fileEncoding = 4; lastKnownFileType = sourcecode.c.h; path = TestTaskTwo.h; sourceTree = "<group>"; };
		CE47B4631C1D37BF00E2C738 /* TestTaskTwo.m */ = {isa = PBXFileReference; fileEncoding = 4; lastKnownFileType = sourcecode.c.objc; path = TestTaskTwo.m; sourceTree = "<group>"; };
		CE47B4671C1D381400E2C738 /* TestSeedOne.h */ = {isa = PBXFileReference; fileEncoding = 4; lastKnownFileType = sourcecode.c.h; path = TestSeedOne.h; sourceTree = "<group>"; };
		CE47B4681C1D381400E2C738 /* TestSeedOne.m */ = {isa = PBXFileReference; fileEncoding = 4; lastKnownFileType = sourcecode.c.objc; path = TestSeedOne.m; sourceTree = "<group>"; };
		CE47B46C1C1D39CD00E2C738 /* TestDataSeed.h */ = {isa = PBXFileReference; fileEncoding = 4; lastKnownFileType = sourcecode.c.h; path = TestDataSeed.h; sourceTree = "<group>"; };
		CE47B46D1C1D39CD00E2C738 /* TestDataSeed.m */ = {isa = PBXFileReference; fileEncoding = 4; lastKnownFileType = sourcecode.c.objc; path = TestDataSeed.m; sourceTree = "<group>"; };
		CE644C557FD58389B5CFD773 /* Pods-Flower_Tests.release.xcconfig */ = {isa = PBXFileReference; includeInIndex = 1; lastKnownFileType = text.xcconfig; name = "Pods-Flower_Tests.release.xcconfig"; path = "Pods/Target Support Files/Pods-Flower_Tests/Pods-Flower_Tests.release.xcconfig"; sourceTree = "<group>"; };
		CEC3E5C21C31E3110087E355 /* FlowerProcessListener.h */ = {isa = PBXFileReference; fileEncoding = 4; lastKnownFileType = sourcecode.c.h; path = FlowerProcessListener.h; sourceTree = "<group>"; };
		CEC3E5C31C31E3110087E355 /* FlowerProcessListener.m */ = {isa = PBXFileReference; fileEncoding = 4; lastKnownFileType = sourcecode.c.objc; path = FlowerProcessListener.m; sourceTree = "<group>"; };
		D62838318BA4B83E33EF68C5 /* Pods_Flower_Tests.framework */ = {isa = PBXFileReference; explicitFileType = wrapper.framework; includeInIndex = 0; path = Pods_Flower_Tests.framework; sourceTree = BUILT_PRODUCTS_DIR; };
		E841610318E3534FA5748B07 /* Pods_Flower_Example.framework */ = {isa = PBXFileReference; explicitFileType = wrapper.framework; includeInIndex = 0; path = Pods_Flower_Example.framework; sourceTree = BUILT_PRODUCTS_DIR; };
/* End PBXFileReference section */

/* Begin PBXFrameworksBuildPhase section */
		6003F587195388D20070C39A /* Frameworks */ = {
			isa = PBXFrameworksBuildPhase;
			buildActionMask = 2147483647;
			files = (
				6003F590195388D20070C39A /* CoreGraphics.framework in Frameworks */,
				6003F592195388D20070C39A /* UIKit.framework in Frameworks */,
				6003F58E195388D20070C39A /* Foundation.framework in Frameworks */,
				45B81D2A6C918269F958F996 /* Pods_Flower_Example.framework in Frameworks */,
			);
			runOnlyForDeploymentPostprocessing = 0;
		};
		6003F5AB195388D20070C39A /* Frameworks */ = {
			isa = PBXFrameworksBuildPhase;
			buildActionMask = 2147483647;
			files = (
				6003F5B0195388D20070C39A /* XCTest.framework in Frameworks */,
				6003F5B2195388D20070C39A /* UIKit.framework in Frameworks */,
				6003F5B1195388D20070C39A /* Foundation.framework in Frameworks */,
				9145CFC7B932E8B1B8525E74 /* Pods_Flower_Tests.framework in Frameworks */,
			);
			runOnlyForDeploymentPostprocessing = 0;
		};
/* End PBXFrameworksBuildPhase section */

/* Begin PBXGroup section */
		2194DFEA70657E8EFCF70489 /* Pods */ = {
			isa = PBXGroup;
			children = (
				1515AB0EAB851F272D44DB87 /* Pods-Flower_Example.debug.xcconfig */,
				4AEDB09466DDFFFF581C8E65 /* Pods-Flower_Example.release.xcconfig */,
				767906BDAD601254ED9275CC /* Pods-Flower_Tests.debug.xcconfig */,
				CE644C557FD58389B5CFD773 /* Pods-Flower_Tests.release.xcconfig */,
			);
			name = Pods;
			sourceTree = "<group>";
		};
		6003F581195388D10070C39A = {
			isa = PBXGroup;
			children = (
				60FF7A9C1954A5C5007DD14C /* Podspec Metadata */,
				6003F593195388D20070C39A /* Example for Flower */,
				6003F5B5195388D20070C39A /* Tests */,
				6003F58C195388D20070C39A /* Frameworks */,
				6003F58B195388D20070C39A /* Products */,
				2194DFEA70657E8EFCF70489 /* Pods */,
			);
			sourceTree = "<group>";
		};
		6003F58B195388D20070C39A /* Products */ = {
			isa = PBXGroup;
			children = (
				6003F58A195388D20070C39A /* Flower_Example.app */,
				6003F5AE195388D20070C39A /* Flower_Tests.xctest */,
			);
			name = Products;
			sourceTree = "<group>";
		};
		6003F58C195388D20070C39A /* Frameworks */ = {
			isa = PBXGroup;
			children = (
				6003F58D195388D20070C39A /* Foundation.framework */,
				6003F58F195388D20070C39A /* CoreGraphics.framework */,
				6003F591195388D20070C39A /* UIKit.framework */,
				6003F5AF195388D20070C39A /* XCTest.framework */,
				E841610318E3534FA5748B07 /* Pods_Flower_Example.framework */,
				D62838318BA4B83E33EF68C5 /* Pods_Flower_Tests.framework */,
			);
			name = Frameworks;
			sourceTree = "<group>";
		};
		6003F593195388D20070C39A /* Example for Flower */ = {
			isa = PBXGroup;
			children = (
				CEC288531C1ABA550012F876 /* Seeds */,
				CEC288521C1ABA4F0012F876 /* Processes */,
				CEC288291C1A75BB0012F876 /* Tasks */,
				CE46A7371C2F9F450039E5F8 /* ICapitalService.h */,
				6003F59C195388D20070C39A /* FlowerAppDelegate.h */,
				6003F59D195388D20070C39A /* FlowerAppDelegate.m */,
				873B8AEA1B1F5CCA007FD442 /* Main.storyboard */,
				6003F5A5195388D20070C39A /* FlowerViewController.h */,
				6003F5A6195388D20070C39A /* FlowerViewController.m */,
				6003F5A8195388D20070C39A /* Images.xcassets */,
				6003F594195388D20070C39A /* Supporting Files */,
			);
			name = "Example for Flower";
			path = Flower;
			sourceTree = "<group>";
		};
		6003F594195388D20070C39A /* Supporting Files */ = {
			isa = PBXGroup;
			children = (
				6003F595195388D20070C39A /* Flower-Info.plist */,
				6003F596195388D20070C39A /* InfoPlist.strings */,
				6003F599195388D20070C39A /* main.m */,
				6003F59B195388D20070C39A /* Flower-Prefix.pch */,
			);
			name = "Supporting Files";
			sourceTree = "<group>";
		};
		6003F5B5195388D20070C39A /* Tests */ = {
			isa = PBXGroup;
			children = (
				CEC3E5C21C31E3110087E355 /* FlowerProcessListener.h */,
				CEC3E5C31C31E3110087E355 /* FlowerProcessListener.m */,
				CE47B4661C1D37FE00E2C738 /* Seeds */,
				CE47B45C1C1D379300E2C738 /* Tasks */,
				CE47B4571C1D35BF00E2C738 /* Processes */,
				6003F5BB195388D20070C39A /* Tests.m */,
				6003F5B6195388D20070C39A /* Supporting Files */,
			);
			path = Tests;
			sourceTree = "<group>";
		};
		6003F5B6195388D20070C39A /* Supporting Files */ = {
			isa = PBXGroup;
			children = (
				6003F5B7195388D20070C39A /* Tests-Info.plist */,
				6003F5B8195388D20070C39A /* InfoPlist.strings */,
				606FC2411953D9B200FFA9A0 /* Tests-Prefix.pch */,
			);
			name = "Supporting Files";
			sourceTree = "<group>";
		};
		60FF7A9C1954A5C5007DD14C /* Podspec Metadata */ = {
			isa = PBXGroup;
			children = (
				CCE2569C854BCE7EB5AB6A78 /* Flower.podspec */,
				8E9A6A39BD89F8388D7AD2C4 /* README.md */,
				6EFB8C3BC378AF3B49078FCC /* LICENSE */,
			);
			name = "Podspec Metadata";
			sourceTree = "<group>";
		};
		CE47B4571C1D35BF00E2C738 /* Processes */ = {
			isa = PBXGroup;
			children = (
				CE47B4581C1D377D00E2C738 /* TestProcessOne.h */,
				CE47B4591C1D377D00E2C738 /* TestProcessOne.m */,
			);
			name = Processes;
			sourceTree = "<group>";
		};
		CE47B45C1C1D379300E2C738 /* Tasks */ = {
			isa = PBXGroup;
			children = (
				CE47B45D1C1D37AB00E2C738 /* TestTaskOne.h */,
				CE47B45E1C1D37AB00E2C738 /* TestTaskOne.m */,
				CE47B4621C1D37BF00E2C738 /* TestTaskTwo.h */,
				CE47B4631C1D37BF00E2C738 /* TestTaskTwo.m */,
			);
			name = Tasks;
			sourceTree = "<group>";
		};
		CE47B4661C1D37FE00E2C738 /* Seeds */ = {
			isa = PBXGroup;
			children = (
				CE47B4671C1D381400E2C738 /* TestSeedOne.h */,
				CE47B4681C1D381400E2C738 /* TestSeedOne.m */,
				CE47B46C1C1D39CD00E2C738 /* TestDataSeed.h */,
				CE47B46D1C1D39CD00E2C738 /* TestDataSeed.m */,
			);
			name = Seeds;
			sourceTree = "<group>";
		};
		CEC288291C1A75BB0012F876 /* Tasks */ = {
			isa = PBXGroup;
			children = (
				CE46A7411C2FA9F00039E5F8 /* BasePopulationTask.h */,
				CE46A7421C2FA9F00039E5F8 /* BasePopulationTask.m */,
				CE46A7441C2FAAA10039E5F8 /* CityPopulationTask.h */,
				CE46A7451C2FAAA10039E5F8 /* CityPopulationTask.m */,
				CE46A7471C2FAB150039E5F8 /* OrderPopulationByAreaSize.h */,
				CE46A7481C2FAB150039E5F8 /* OrderPopulationByAreaSize.m */,
			);
			name = Tasks;
			sourceTree = "<group>";
		};
		CEC288521C1ABA4F0012F876 /* Processes */ = {
			isa = PBXGroup;
			children = (
				CE46A73B1C2FA8C60039E5F8 /* BasePopulationProcess.h */,
				CE46A73C1C2FA8C60039E5F8 /* BasePopulationProcess.m */,
				CE46A73E1C2FA9330039E5F8 /* PopulationProcess.h */,
				CE46A73F1C2FA9330039E5F8 /* PopulationProcess.m */,
			);
			name = Processes;
			sourceTree = "<group>";
		};
		CEC288531C1ABA550012F876 /* Seeds */ = {
			isa = PBXGroup;
			children = (
				CE46A7381C2FA7F60039E5F8 /* PopulationSeed.h */,
				CE46A7391C2FA7F60039E5F8 /* PopulationSeed.m */,
				CE46A7271C2EBB330039E5F8 /* CitySeed.h */,
				CE46A7281C2EBB330039E5F8 /* CitySeed.m */,
			);
			name = Seeds;
			sourceTree = "<group>";
		};
/* End PBXGroup section */

/* Begin PBXNativeTarget section */
		6003F589195388D20070C39A /* Flower_Example */ = {
			isa = PBXNativeTarget;
			buildConfigurationList = 6003F5BF195388D20070C39A /* Build configuration list for PBXNativeTarget "Flower_Example" */;
			buildPhases = (
				3D19B1CEDDFF254E88262F5C /* Check Pods Manifest.lock */,
				6003F586195388D20070C39A /* Sources */,
				6003F587195388D20070C39A /* Frameworks */,
				6003F588195388D20070C39A /* Resources */,
				E92B6D7879A989CA72ED2796 /* Embed Pods Frameworks */,
				176FB92531A20A0A8E1522D6 /* Copy Pods Resources */,
			);
			buildRules = (
			);
			dependencies = (
			);
			name = Flower_Example;
			productName = Flower;
			productReference = 6003F58A195388D20070C39A /* Flower_Example.app */;
			productType = "com.apple.product-type.application";
		};
		6003F5AD195388D20070C39A /* Flower_Tests */ = {
			isa = PBXNativeTarget;
			buildConfigurationList = 6003F5C2195388D20070C39A /* Build configuration list for PBXNativeTarget "Flower_Tests" */;
			buildPhases = (
				3A3F0365C7D6DE50A7B860E7 /* Check Pods Manifest.lock */,
				6003F5AA195388D20070C39A /* Sources */,
				6003F5AB195388D20070C39A /* Frameworks */,
				6003F5AC195388D20070C39A /* Resources */,
				BD0F2643B07489D995F67842 /* Embed Pods Frameworks */,
				E8152126EDFB8C39A5C8EB84 /* Copy Pods Resources */,
			);
			buildRules = (
			);
			dependencies = (
				6003F5B4195388D20070C39A /* PBXTargetDependency */,
			);
			name = Flower_Tests;
			productName = FlowerTests;
			productReference = 6003F5AE195388D20070C39A /* Flower_Tests.xctest */;
			productType = "com.apple.product-type.bundle.unit-test";
		};
/* End PBXNativeTarget section */

/* Begin PBXProject section */
		6003F582195388D10070C39A /* Project object */ = {
			isa = PBXProject;
			attributes = {
				CLASSPREFIX = Flower;
				LastUpgradeCheck = 0710;
				ORGANIZATIONNAME = "Nir Ninio";
				TargetAttributes = {
					6003F5AD195388D20070C39A = {
						TestTargetID = 6003F589195388D20070C39A;
					};
				};
			};
			buildConfigurationList = 6003F585195388D10070C39A /* Build configuration list for PBXProject "Flower" */;
			compatibilityVersion = "Xcode 3.2";
			developmentRegion = English;
			hasScannedForEncodings = 0;
			knownRegions = (
				en,
				Base,
			);
			mainGroup = 6003F581195388D10070C39A;
			productRefGroup = 6003F58B195388D20070C39A /* Products */;
			projectDirPath = "";
			projectRoot = "";
			targets = (
				6003F589195388D20070C39A /* Flower_Example */,
				6003F5AD195388D20070C39A /* Flower_Tests */,
			);
		};
/* End PBXProject section */

/* Begin PBXResourcesBuildPhase section */
		6003F588195388D20070C39A /* Resources */ = {
			isa = PBXResourcesBuildPhase;
			buildActionMask = 2147483647;
			files = (
				873B8AEB1B1F5CCA007FD442 /* Main.storyboard in Resources */,
				6003F5A9195388D20070C39A /* Images.xcassets in Resources */,
				6003F598195388D20070C39A /* InfoPlist.strings in Resources */,
			);
			runOnlyForDeploymentPostprocessing = 0;
		};
		6003F5AC195388D20070C39A /* Resources */ = {
			isa = PBXResourcesBuildPhase;
			buildActionMask = 2147483647;
			files = (
				6003F5BA195388D20070C39A /* InfoPlist.strings in Resources */,
			);
			runOnlyForDeploymentPostprocessing = 0;
		};
/* End PBXResourcesBuildPhase section */

/* Begin PBXShellScriptBuildPhase section */
		176FB92531A20A0A8E1522D6 /* Copy Pods Resources */ = {
			isa = PBXShellScriptBuildPhase;
			buildActionMask = 2147483647;
			files = (
			);
			inputPaths = (
			);
			name = "Copy Pods Resources";
			outputPaths = (
			);
			runOnlyForDeploymentPostprocessing = 0;
			shellPath = /bin/sh;
			shellScript = "\"${SRCROOT}/Pods/Target Support Files/Pods-Flower_Example/Pods-Flower_Example-resources.sh\"\n";
			showEnvVarsInLog = 0;
		};
		3A3F0365C7D6DE50A7B860E7 /* Check Pods Manifest.lock */ = {
			isa = PBXShellScriptBuildPhase;
			buildActionMask = 2147483647;
			files = (
			);
			inputPaths = (
			);
			name = "Check Pods Manifest.lock";
			outputPaths = (
			);
			runOnlyForDeploymentPostprocessing = 0;
			shellPath = /bin/sh;
			shellScript = "diff \"${PODS_ROOT}/../Podfile.lock\" \"${PODS_ROOT}/Manifest.lock\" > /dev/null\nif [[ $? != 0 ]] ; then\n    cat << EOM\nerror: The sandbox is not in sync with the Podfile.lock. Run 'pod install' or update your CocoaPods installation.\nEOM\n    exit 1\nfi\n";
			showEnvVarsInLog = 0;
		};
		3D19B1CEDDFF254E88262F5C /* Check Pods Manifest.lock */ = {
			isa = PBXShellScriptBuildPhase;
			buildActionMask = 2147483647;
			files = (
			);
			inputPaths = (
			);
			name = "Check Pods Manifest.lock";
			outputPaths = (
			);
			runOnlyForDeploymentPostprocessing = 0;
			shellPath = /bin/sh;
			shellScript = "diff \"${PODS_ROOT}/../Podfile.lock\" \"${PODS_ROOT}/Manifest.lock\" > /dev/null\nif [[ $? != 0 ]] ; then\n    cat << EOM\nerror: The sandbox is not in sync with the Podfile.lock. Run 'pod install' or update your CocoaPods installation.\nEOM\n    exit 1\nfi\n";
			showEnvVarsInLog = 0;
		};
		BD0F2643B07489D995F67842 /* Embed Pods Frameworks */ = {
			isa = PBXShellScriptBuildPhase;
			buildActionMask = 2147483647;
			files = (
			);
			inputPaths = (
			);
			name = "Embed Pods Frameworks";
			outputPaths = (
			);
			runOnlyForDeploymentPostprocessing = 0;
			shellPath = /bin/sh;
			shellScript = "\"${SRCROOT}/Pods/Target Support Files/Pods-Flower_Tests/Pods-Flower_Tests-frameworks.sh\"\n";
			showEnvVarsInLog = 0;
		};
		E8152126EDFB8C39A5C8EB84 /* Copy Pods Resources */ = {
			isa = PBXShellScriptBuildPhase;
			buildActionMask = 2147483647;
			files = (
			);
			inputPaths = (
			);
			name = "Copy Pods Resources";
			outputPaths = (
			);
			runOnlyForDeploymentPostprocessing = 0;
			shellPath = /bin/sh;
			shellScript = "\"${SRCROOT}/Pods/Target Support Files/Pods-Flower_Tests/Pods-Flower_Tests-resources.sh\"\n";
			showEnvVarsInLog = 0;
		};
		E92B6D7879A989CA72ED2796 /* Embed Pods Frameworks */ = {
			isa = PBXShellScriptBuildPhase;
			buildActionMask = 2147483647;
			files = (
			);
			inputPaths = (
			);
			name = "Embed Pods Frameworks";
			outputPaths = (
			);
			runOnlyForDeploymentPostprocessing = 0;
			shellPath = /bin/sh;
			shellScript = "\"${SRCROOT}/Pods/Target Support Files/Pods-Flower_Example/Pods-Flower_Example-frameworks.sh\"\n";
			showEnvVarsInLog = 0;
		};
/* End PBXShellScriptBuildPhase section */

/* Begin PBXSourcesBuildPhase section */
		6003F586195388D20070C39A /* Sources */ = {
			isa = PBXSourcesBuildPhase;
			buildActionMask = 2147483647;
			files = (
				6003F59E195388D20070C39A /* FlowerAppDelegate.m in Sources */,
				CE47B45F1C1D37AB00E2C738 /* TestTaskOne.m in Sources */,
				CE47B4641C1D37BF00E2C738 /* TestTaskTwo.m in Sources */,
				CE47B46E1C1D39CD00E2C738 /* TestDataSeed.m in Sources */,
				6003F5A7195388D20070C39A /* FlowerViewController.m in Sources */,
				CE46A73A1C2FA7F60039E5F8 /* PopulationSeed.m in Sources */,
				CEC3E5C41C31E3110087E355 /* FlowerProcessListener.m in Sources */,
				CE46A7461C2FAAA10039E5F8 /* CityPopulationTask.m in Sources */,
				CE46A73D1C2FA8C60039E5F8 /* BasePopulationProcess.m in Sources */,
				CE46A7401C2FA9330039E5F8 /* PopulationProcess.m in Sources */,
				CE46A7431C2FA9F00039E5F8 /* BasePopulationTask.m in Sources */,
				CE47B4691C1D381400E2C738 /* TestSeedOne.m in Sources */,
				CE46A7491C2FAB150039E5F8 /* OrderPopulationByAreaSize.m in Sources */,
				CE47B45A1C1D377D00E2C738 /* TestProcessOne.m in Sources */,
				6003F59A195388D20070C39A /* main.m in Sources */,
				CE46A7291C2EBB330039E5F8 /* CitySeed.m in Sources */,
			);
			runOnlyForDeploymentPostprocessing = 0;
		};
		6003F5AA195388D20070C39A /* Sources */ = {
			isa = PBXSourcesBuildPhase;
			buildActionMask = 2147483647;
			files = (
				CE47B46A1C1D381400E2C738 /* TestSeedOne.m in Sources */,
				CE47B45B1C1D377D00E2C738 /* TestProcessOne.m in Sources */,
				CE47B4651C1D37BF00E2C738 /* TestTaskTwo.m in Sources */,
				6003F5BC195388D20070C39A /* Tests.m in Sources */,
				CE47B46F1C1D39CD00E2C738 /* TestDataSeed.m in Sources */,
				CE47B4601C1D37AB00E2C738 /* TestTaskOne.m in Sources */,
			);
			runOnlyForDeploymentPostprocessing = 0;
		};
/* End PBXSourcesBuildPhase section */

/* Begin PBXTargetDependency section */
		6003F5B4195388D20070C39A /* PBXTargetDependency */ = {
			isa = PBXTargetDependency;
			target = 6003F589195388D20070C39A /* Flower_Example */;
			targetProxy = 6003F5B3195388D20070C39A /* PBXContainerItemProxy */;
		};
/* End PBXTargetDependency section */

/* Begin PBXVariantGroup section */
		6003F596195388D20070C39A /* InfoPlist.strings */ = {
			isa = PBXVariantGroup;
			children = (
				6003F597195388D20070C39A /* en */,
			);
			name = InfoPlist.strings;
			sourceTree = "<group>";
		};
		6003F5B8195388D20070C39A /* InfoPlist.strings */ = {
			isa = PBXVariantGroup;
			children = (
				6003F5B9195388D20070C39A /* en */,
			);
			name = InfoPlist.strings;
			sourceTree = "<group>";
		};
/* End PBXVariantGroup section */

/* Begin XCBuildConfiguration section */
		6003F5BD195388D20070C39A /* Debug */ = {
			isa = XCBuildConfiguration;
			buildSettings = {
				ALWAYS_SEARCH_USER_PATHS = NO;
				CLANG_CXX_LANGUAGE_STANDARD = "gnu++0x";
				CLANG_CXX_LIBRARY = "libc++";
				CLANG_ENABLE_MODULES = YES;
				CLANG_ENABLE_OBJC_ARC = YES;
				CLANG_WARN_BOOL_CONVERSION = YES;
				CLANG_WARN_CONSTANT_CONVERSION = YES;
				CLANG_WARN_DIRECT_OBJC_ISA_USAGE = YES_ERROR;
				CLANG_WARN_EMPTY_BODY = YES;
				CLANG_WARN_ENUM_CONVERSION = YES;
				CLANG_WARN_INT_CONVERSION = YES;
				CLANG_WARN_OBJC_ROOT_CLASS = YES_ERROR;
				CLANG_WARN__DUPLICATE_METHOD_MATCH = YES;
				"CODE_SIGN_IDENTITY[sdk=iphoneos*]" = "iPhone Developer";
				COPY_PHASE_STRIP = NO;
				ENABLE_TESTABILITY = YES;
				GCC_C_LANGUAGE_STANDARD = gnu99;
				GCC_DYNAMIC_NO_PIC = NO;
				GCC_OPTIMIZATION_LEVEL = 0;
				GCC_PREPROCESSOR_DEFINITIONS = (
					"DEBUG=1",
					"$(inherited)",
				);
				GCC_SYMBOLS_PRIVATE_EXTERN = NO;
				GCC_WARN_64_TO_32_BIT_CONVERSION = YES;
				GCC_WARN_ABOUT_RETURN_TYPE = YES_ERROR;
				GCC_WARN_UNDECLARED_SELECTOR = YES;
				GCC_WARN_UNINITIALIZED_AUTOS = YES_AGGRESSIVE;
				GCC_WARN_UNUSED_FUNCTION = YES;
				GCC_WARN_UNUSED_VARIABLE = YES;
				IPHONEOS_DEPLOYMENT_TARGET = 7.1;
				ONLY_ACTIVE_ARCH = YES;
				SDKROOT = iphoneos;
				TARGETED_DEVICE_FAMILY = "1,2";
			};
			name = Debug;
		};
		6003F5BE195388D20070C39A /* Release */ = {
			isa = XCBuildConfiguration;
			buildSettings = {
				ALWAYS_SEARCH_USER_PATHS = NO;
				CLANG_CXX_LANGUAGE_STANDARD = "gnu++0x";
				CLANG_CXX_LIBRARY = "libc++";
				CLANG_ENABLE_MODULES = YES;
				CLANG_ENABLE_OBJC_ARC = YES;
				CLANG_WARN_BOOL_CONVERSION = YES;
				CLANG_WARN_CONSTANT_CONVERSION = YES;
				CLANG_WARN_DIRECT_OBJC_ISA_USAGE = YES_ERROR;
				CLANG_WARN_EMPTY_BODY = YES;
				CLANG_WARN_ENUM_CONVERSION = YES;
				CLANG_WARN_INT_CONVERSION = YES;
				CLANG_WARN_OBJC_ROOT_CLASS = YES_ERROR;
				CLANG_WARN__DUPLICATE_METHOD_MATCH = YES;
				"CODE_SIGN_IDENTITY[sdk=iphoneos*]" = "iPhone Developer";
				COPY_PHASE_STRIP = YES;
				ENABLE_NS_ASSERTIONS = NO;
				GCC_C_LANGUAGE_STANDARD = gnu99;
				GCC_WARN_64_TO_32_BIT_CONVERSION = YES;
				GCC_WARN_ABOUT_RETURN_TYPE = YES_ERROR;
				GCC_WARN_UNDECLARED_SELECTOR = YES;
				GCC_WARN_UNINITIALIZED_AUTOS = YES_AGGRESSIVE;
				GCC_WARN_UNUSED_FUNCTION = YES;
				GCC_WARN_UNUSED_VARIABLE = YES;
				IPHONEOS_DEPLOYMENT_TARGET = 7.1;
				SDKROOT = iphoneos;
				TARGETED_DEVICE_FAMILY = "1,2";
				VALIDATE_PRODUCT = YES;
			};
			name = Release;
		};
		6003F5C0195388D20070C39A /* Debug */ = {
			isa = XCBuildConfiguration;
			baseConfigurationReference = 1515AB0EAB851F272D44DB87 /* Pods-Flower_Example.debug.xcconfig */;
			buildSettings = {
				ASSETCATALOG_COMPILER_APPICON_NAME = AppIcon;
				ASSETCATALOG_COMPILER_LAUNCHIMAGE_NAME = LaunchImage;
				GCC_PRECOMPILE_PREFIX_HEADER = YES;
				GCC_PREFIX_HEADER = "Flower/Flower-Prefix.pch";
				INFOPLIST_FILE = "Flower/Flower-Info.plist";
				MODULE_NAME = ExampleApp;
				PRODUCT_BUNDLE_IDENTIFIER = "org.cocoapods.demo.${PRODUCT_NAME:rfc1034identifier}";
				PRODUCT_NAME = "$(TARGET_NAME)";
				WRAPPER_EXTENSION = app;
			};
			name = Debug;
		};
		6003F5C1195388D20070C39A /* Release */ = {
			isa = XCBuildConfiguration;
			baseConfigurationReference = 4AEDB09466DDFFFF581C8E65 /* Pods-Flower_Example.release.xcconfig */;
			buildSettings = {
				ASSETCATALOG_COMPILER_APPICON_NAME = AppIcon;
				ASSETCATALOG_COMPILER_LAUNCHIMAGE_NAME = LaunchImage;
				GCC_PRECOMPILE_PREFIX_HEADER = YES;
				GCC_PREFIX_HEADER = "Flower/Flower-Prefix.pch";
				INFOPLIST_FILE = "Flower/Flower-Info.plist";
				MODULE_NAME = ExampleApp;
				PRODUCT_BUNDLE_IDENTIFIER = "org.cocoapods.demo.${PRODUCT_NAME:rfc1034identifier}";
				PRODUCT_NAME = "$(TARGET_NAME)";
				WRAPPER_EXTENSION = app;
			};
			name = Release;
		};
		6003F5C3195388D20070C39A /* Debug */ = {
			isa = XCBuildConfiguration;
			baseConfigurationReference = 767906BDAD601254ED9275CC /* Pods-Flower_Tests.debug.xcconfig */;
			buildSettings = {
				BUNDLE_LOADER = "$(TEST_HOST)";
				FRAMEWORK_SEARCH_PATHS = (
					"$(SDKROOT)/Developer/Library/Frameworks",
					"$(inherited)",
					"$(DEVELOPER_FRAMEWORKS_DIR)",
				);
				GCC_PRECOMPILE_PREFIX_HEADER = YES;
				GCC_PREFIX_HEADER = "Tests/Tests-Prefix.pch";
				GCC_PREPROCESSOR_DEFINITIONS = (
					"DEBUG=1",
					"$(inherited)",
				);
				INFOPLIST_FILE = "Tests/Tests-Info.plist";
				PRODUCT_BUNDLE_IDENTIFIER = "org.cocoapods.demo.${PRODUCT_NAME:rfc1034identifier}";
				PRODUCT_NAME = "$(TARGET_NAME)";
				TEST_HOST = "$(BUILT_PRODUCTS_DIR)/Flower_Example.app/Flower_Example";
				WRAPPER_EXTENSION = xctest;
			};
			name = Debug;
		};
		6003F5C4195388D20070C39A /* Release */ = {
			isa = XCBuildConfiguration;
			baseConfigurationReference = CE644C557FD58389B5CFD773 /* Pods-Flower_Tests.release.xcconfig */;
			buildSettings = {
				BUNDLE_LOADER = "$(TEST_HOST)";
				FRAMEWORK_SEARCH_PATHS = (
					"$(SDKROOT)/Developer/Library/Frameworks",
					"$(inherited)",
					"$(DEVELOPER_FRAMEWORKS_DIR)",
				);
				GCC_PRECOMPILE_PREFIX_HEADER = YES;
				GCC_PREFIX_HEADER = "Tests/Tests-Prefix.pch";
				INFOPLIST_FILE = "Tests/Tests-Info.plist";
				PRODUCT_BUNDLE_IDENTIFIER = "org.cocoapods.demo.${PRODUCT_NAME:rfc1034identifier}";
				PRODUCT_NAME = "$(TARGET_NAME)";
				TEST_HOST = "$(BUILT_PRODUCTS_DIR)/Flower_Example.app/Flower_Example";
				WRAPPER_EXTENSION = xctest;
			};
			name = Release;
		};
/* End XCBuildConfiguration section */

/* Begin XCConfigurationList section */
		6003F585195388D10070C39A /* Build configuration list for PBXProject "Flower" */ = {
			isa = XCConfigurationList;
			buildConfigurations = (
				6003F5BD195388D20070C39A /* Debug */,
				6003F5BE195388D20070C39A /* Release */,
			);
			defaultConfigurationIsVisible = 0;
			defaultConfigurationName = Release;
		};
		6003F5BF195388D20070C39A /* Build configuration list for PBXNativeTarget "Flower_Example" */ = {
			isa = XCConfigurationList;
			buildConfigurations = (
				6003F5C0195388D20070C39A /* Debug */,
				6003F5C1195388D20070C39A /* Release */,
			);
			defaultConfigurationIsVisible = 0;
			defaultConfigurationName = Release;
		};
		6003F5C2195388D20070C39A /* Build configuration list for PBXNativeTarget "Flower_Tests" */ = {
			isa = XCConfigurationList;
			buildConfigurations = (
				6003F5C3195388D20070C39A /* Debug */,
				6003F5C4195388D20070C39A /* Release */,
			);
			defaultConfigurationIsVisible = 0;
			defaultConfigurationName = Release;
		};
/* End XCConfigurationList section */
	};
	rootObject = 6003F582195388D10070C39A /* Project object */;
}
